
Microsoft Visual Studio Solution File, Format Version 12.00
# Visual Studio Version 16
VisualStudioVersion = 16.0.30002.166
MinimumVisualStudioVersion = 10.0.40219.1
Project("{FAE04EC0-301F-11D3-BF4B-00C04F79EFBC}") = "AdminWebCore", "AdminWebCore\AdminWebCore.csproj", "{D55635F0-25C0-49EF-91C0-B0835D3F8904}"
EndProject
Global
	GlobalSection(SolutionConfigurationPlatforms) = preSolution
		Debug|Any CPU = Debug|Any CPU
		Release|Any CPU = Release|Any CPU
	EndGlobalSection
	GlobalSection(ProjectConfigurationPlatforms) = postSolution
		{D55635F0-25C0-49EF-91C0-B0835D3F8904}.Debug|Any CPU.ActiveCfg = Debug|Any CPU
		{D55635F0-25C0-49EF-91C0-B0835D3F8904}.Debug|Any CPU.Build.0 = Debug|Any CPU
		{D55635F0-25C0-49EF-91C0-B0835D3F8904}.Release|Any CPU.ActiveCfg = Release|Any CPU
		{D55635F0-25C0-49EF-91C0-B0835D3F8904}.Release|Any CPU.Build.0 = Release|Any CPU
	EndGlobalSection
	GlobalSection(SolutionProperties) = preSolution
		HideSolutionNode = FALSE
	EndGlobalSection
	GlobalSection(ExtensibilityGlobals) = postSolution
		SolutionGuid = {636AE5EB-2EA9-464E-BF5E-95908E877BD3}
	EndGlobalSection
EndGlobal
